Microsoft Visual Studio Solution File, Format Version 12.00
# Visual Studio Version 18
VisualStudioVersion = 18.1.11312.151 d18.0
MinimumVisualStudioVersion = 10.0.40219.1
Global
	GlobalSection(SolutionConfigurationPlatforms) = preSolution
		Debug|Any CPU = Debug|Any CPU
		Release|Any CPU = Release|Any CPU
	EndGlobalSection
	GlobalSection(ProjectConfigurationPlatforms) = postSolution
		{2D44DBC8-7260-FF0A-DE27-66D5F2D80EBE}.Debug|Any CPU.ActiveCfg = Debug|Any CPU
		{2D44DBC8-7260-FF0A-DE27-66D5F2D80EBE}.Debug|Any CPU.Build.0 = Debug|Any CPU
		{2D44DBC8-7260-FF0A-DE27-66D5F2D80EBE}.Release|Any CPU.ActiveCfg = Release|Any CPU
		{2D44DBC8-7260-FF0A-DE27-66D5F2D80EBE}.Release|Any CPU.Build.0 = Release|Any CPU
	EndGlobalSection
	GlobalSection(SolutionProperties) = preSolution
		HideSolutionNode = FALSE
	EndGlobalSection
	GlobalSection(ExtensibilityGlobals) = postSolution
		SolutionGuid = {94A0F47C-4D24-4BF3-8242-33D80EBA6D2A}
	EndGlobalSection
EndGlobal
